
Microsoft Visual Studio Solution File, Format Version 12.00
# Visual Studio Version 16
VisualStudioVersion = 16.0.31004.235
MinimumVisualStudioVersion = 10.0.40219.1
Project("{9A19103F-16F7-4668-BE54-9A1E7A4F7556}") = "BurntSushi", "BurntSushi\BurntSushi.csproj", "{0735E8C4-D32B-498F-98B4-2EB01BB3F785}"
EndProject
Project("{9A19103F-16F7-4668-BE54-9A1E7A4F7556}") = "InjectionPayload", "InjectionPayload\InjectionPayload.csproj", "{6E23DC7E-B365-4713-9F53-A2854746015B}"
EndProject
Project("{9A19103F-16F7-4668-BE54-9A1E7A4F7556}") = "Interop", "Interop\Interop.csproj", "{F38F98EE-C8B2-4998-8382-1DCF1CF277AF}"
EndProject
Project("{FAE04EC0-301F-11D3-BF4B-00C04F79EFBC}") = "BurntSushi.Shared", "BurntSushi.Shared\BurntSushi.Shared.csproj", "{42824F40-5F3D-4AEF-9562-868ACB221C00}"
EndProject
Global
	GlobalSection(SolutionConfigurationPlatforms) = preSolution
		Debug|Any CPU = Debug|Any CPU
		Debug|x64 = Debug|x64
		Debug|x86 = Debug|x86
		Release|Any CPU = Release|Any CPU
		Release|x64 = Release|x64
		Release|x86 = Release|x86
	EndGlobalSection
	GlobalSection(ProjectConfigurationPlatforms) = postSolution
		{0735E8C4-D32B-498F-98B4-2EB01BB3F785}.Debug|Any CPU.ActiveCfg = Debug|Any CPU
		{0735E8C4-D32B-498F-98B4-2EB01BB3F785}.Debug|Any CPU.Build.0 = Debug|Any CPU
		{0735E8C4-D32B-498F-98B4-2EB01BB3F785}.Debug|x64.ActiveCfg = Debug|Any CPU
		{0735E8C4-D32B-498F-98B4-2EB01BB3F785}.Debug|x64.Build.0 = Debug|Any CPU
		{0735E8C4-D32B-498F-98B4-2EB01BB3F785}.Debug|x86.ActiveCfg = Debug|Any CPU
		{0735E8C4-D32B-498F-98B4-2EB01BB3F785}.Debug|x86.Build.0 = Debug|Any CPU
		{0735E8C4-D32B-498F-98B4-2EB01BB3F785}.Release|Any CPU.ActiveCfg = Release|Any CPU
		{0735E8C4-D32B-498F-98B4-2EB01BB3F785}.Release|Any CPU.Build.0 = Release|Any CPU
		{0735E8C4-D32B-498F-98B4-2EB01BB3F785}.Release|x64.ActiveCfg = Release|Any CPU
		{0735E8C4-D32B-498F-98B4-2EB01BB3F785}.Release|x64.Build.0 = Release|Any CPU
		{0735E8C4-D32B-498F-98B4-2EB01BB3F785}.Release|x86.ActiveCfg = Release|Any CPU
		{0735E8C4-D32B-498F-98B4-2EB01BB3F785}.Release|x86.Build.0 = Release|Any CPU
		{6E23DC7E-B365-4713-9F53-A2854746015B}.Debug|Any CPU.ActiveCfg = Debug|Any CPU
		{6E23DC7E-B365-4713-9F53-A2854746015B}.Debug|Any CPU.Build.0 = Debug|Any CPU
		{6E23DC7E-B365-4713-9F53-A2854746015B}.Debug|x64.ActiveCfg = Debug|Any CPU
		{6E23DC7E-B365-4713-9F53-A2854746015B}.Debug|x64.Build.0 = Debug|Any CPU
		{6E23DC7E-B365-4713-9F53-A2854746015B}.Debug|x86.ActiveCfg = Debug|Any CPU
		{6E23DC7E-B365-4713-9F53-A2854746015B}.Debug|x86.Build.0 = Debug|Any CPU
		{6E23DC7E-B365-4713-9F53-A2854746015B}.Release|Any CPU.ActiveCfg = Release|Any CPU
		{6E23DC7E-B365-4713-9F53-A2854746015B}.Release|Any CPU.Build.0 = Release|Any CPU
		{6E23DC7E-B365-4713-9F53-A2854746015B}.Release|x64.ActiveCfg = Release|Any CPU
		{6E23DC7E-B365-4713-9F53-A2854746015B}.Release|x64.Build.0 = Release|Any CPU
		{6E23DC7E-B365-4713-9F53-A2854746015B}.Release|x86.ActiveCfg = Release|Any CPU
		{6E23DC7E-B365-4713-9F53-A2854746015B}.Release|x86.Build.0 = Release|Any CPU
		{F38F98EE-C8B2-4998-8382-1DCF1CF277AF}.Debug|Any CPU.ActiveCfg = Debug|Any CPU
		{F38F98EE-C8B2-4998-8382-1DCF1CF277AF}.Debug|Any CPU.Build.0 = Debug|Any CPU
		{F38F98EE-C8B2-4998-8382-1DCF1CF277AF}.Debug|x64.ActiveCfg = Debug|Any CPU
		{F38F98EE-C8B2-4998-8382-1DCF1CF277AF}.Debug|x64.Build.0 = Debug|Any CPU
		{F38F98EE-C8B2-4998-8382-1DCF1CF277AF}.Debug|x86.ActiveCfg = Debug|Any CPU
		{F38F98EE-C8B2-4998-8382-1DCF1CF277AF}.Debug|x86.Build.0 = Debug|Any CPU
		{F38F98EE-C8B2-4998-8382-1DCF1CF277AF}.Release|Any CPU.ActiveCfg = Release|Any CPU
		{F38F98EE-C8B2-4998-8382-1DCF1CF277AF}.Release|Any CPU.Build.0 = Release|Any CPU
		{F38F98EE-C8B2-4998-8382-1DCF1CF277AF}.Release|x64.ActiveCfg = Release|Any CPU
		{F38F98EE-C8B2-4998-8382-1DCF1CF277AF}.Release|x64.Build.0 = Release|Any CPU
		{F38F98EE-C8B2-4998-8382-1DCF1CF277AF}.Release|x86.ActiveCfg = Release|Any CPU
		{F38F98EE-C8B2-4998-8382-1DCF1CF277AF}.Release|x86.Build.0 = Release|Any CPU
		{42824F40-5F3D-4AEF-9562-868ACB221C00}.Debug|Any CPU.ActiveCfg = Debug|Any CPU
		{42824F40-5F3D-4AEF-9562-868ACB221C00}.Debug|Any CPU.Build.0 = Debug|Any CPU
		{42824F40-5F3D-4AEF-9562-868ACB221C00}.Debug|x64.ActiveCfg = Debug|Any CPU
		{42824F40-5F3D-4AEF-9562-868ACB221C00}.Debug|x64.Build.0 = Debug|Any CPU
		{42824F40-5F3D-4AEF-9562-868ACB221C00}.Debug|x86.ActiveCfg = Debug|Any CPU
		{42824F40-5F3D-4AEF-9562-868ACB221C00}.Debug|x86.Build.0 = Debug|Any CPU
		{42824F40-5F3D-4AEF-9562-868ACB221C00}.Release|Any CPU.ActiveCfg = Release|Any CPU
		{42824F40-5F3D-4AEF-9562-868ACB221C00}.Release|Any CPU.Build.0 = Release|Any CPU
		{42824F40-5F3D-4AEF-9562-868ACB221C00}.Release|x64.ActiveCfg = Release|Any CPU
		{42824F40-5F3D-4AEF-9562-868ACB221C00}.Release|x64.Build.0 = Release|Any CPU
		{42824F40-5F3D-4AEF-9562-868ACB221C00}.Release|x86.ActiveCfg = Release|Any CPU
		{42824F40-5F3D-4AEF-9562-868ACB221C00}.Release|x86.Build.0 = Release|Any CPU
	EndGlobalSection
	GlobalSection(SolutionProperties) = preSolution
		HideSolutionNode = FALSE
	EndGlobalSection
	GlobalSection(ExtensibilityGlobals) = postSolution
		SolutionGuid = {B0B42763-05E4-4509-BFD5-0F089C25458A}
	EndGlobalSection
EndGlobal
